
Microsoft Visual Studio Solution File, Format Version 12.00
# Visual Studio Version 16
VisualStudioVersion = 16.0.30621.155
MinimumVisualStudioVersion = 10.0.40219.1
Project("{FAE04EC0-301F-11D3-BF4B-00C04F79EFBC}") = "Build3", "Build3\Build3.csproj", "{ABB551D5-00EF-492A-A032-77BF9FB403BB}"
EndProject
Global
	GlobalSection(SolutionConfigurationPlatforms) = preSolution
		Debug|Any CPU = Debug|Any CPU
		Release|Any CPU = Release|Any CPU
	EndGlobalSection
	GlobalSection(ProjectConfigurationPlatforms) = postSolution
		{ABB551D5-00EF-492A-A032-77BF9FB403BB}.Debug|Any CPU.ActiveCfg = Debug|Any CPU
		{ABB551D5-00EF-492A-A032-77BF9FB403BB}.Debug|Any CPU.Build.0 = Debug|Any CPU
		{ABB551D5-00EF-492A-A032-77BF9FB403BB}.Release|Any CPU.ActiveCfg = Release|Any CPU
		{ABB551D5-00EF-492A-A032-77BF9FB403BB}.Release|Any CPU.Build.0 = Release|Any CPU
	EndGlobalSection
	GlobalSection(SolutionProperties) = preSolution
		HideSolutionNode = FALSE
	EndGlobalSection
	GlobalSection(ExtensibilityGlobals) = postSolution
		SolutionGuid = {7F17251C-7D85-4392-AF98-CF694486D1AF}
	EndGlobalSection
EndGlobal
